
Microsoft Visual Studio Solution File, Format Version 12.00
# Visual Studio Version 17
VisualStudioVersion = 17.14.36202.13
MinimumVisualStudioVersion = 10.0.40219.1
Project("{FAE04EC0-301F-11D3-BF4B-00C04F79EFBC}") = "FieldExporter.UI", "FieldExporter.UI\FieldExporter.UI.csproj", "{010522F5-25DD-4943-9ED3-C7F2595C9568}"
EndProject
Project("{FAE04EC0-301F-11D3-BF4B-00C04F79EFBC}") = "Aspire.FieldExporter.AppHost", "Aspire\Aspire.FieldExporter.AppHost\Aspire.FieldExporter.AppHost.csproj", "{48985D07-C289-410D-8DBF-E38023C2D37F}"
EndProject
Project("{FAE04EC0-301F-11D3-BF4B-00C04F79EFBC}") = "Aspire.FieldExporter.ServiceDefaults", "Aspire\Aspire.FieldExporter.ServiceDefaults\Aspire.FieldExporter.ServiceDefaults.csproj", "{D1ABA045-0512-8DBC-2BCF-72C517888F91}"
EndProject
Project("{2150E333-8FDC-42A3-9474-1A3956D46DE8}") = "Aspire", "Aspire", "{02EA681E-C7D8-13C7-8484-4AC65E1B71E8}"
EndProject
Global
	GlobalSection(SolutionConfigurationPlatforms) = preSolution
		Debug|Any CPU = Debug|Any CPU
		Release|Any CPU = Release|Any CPU
	EndGlobalSection
	GlobalSection(ProjectConfigurationPlatforms) = postSolution
		{010522F5-25DD-4943-9ED3-C7F2595C9568}.Debug|Any CPU.ActiveCfg = Debug|Any CPU
		{010522F5-25DD-4943-9ED3-C7F2595C9568}.Debug|Any CPU.Build.0 = Debug|Any CPU
		{010522F5-25DD-4943-9ED3-C7F2595C9568}.Release|Any CPU.ActiveCfg = Release|Any CPU
		{010522F5-25DD-4943-9ED3-C7F2595C9568}.Release|Any CPU.Build.0 = Release|Any CPU
		{48985D07-C289-410D-8DBF-E38023C2D37F}.Debug|Any CPU.ActiveCfg = Debug|Any CPU
		{48985D07-C289-410D-8DBF-E38023C2D37F}.Debug|Any CPU.Build.0 = Debug|Any CPU
		{48985D07-C289-410D-8DBF-E38023C2D37F}.Release|Any CPU.ActiveCfg = Release|Any CPU
		{48985D07-C289-410D-8DBF-E38023C2D37F}.Release|Any CPU.Build.0 = Release|Any CPU
		{D1ABA045-0512-8DBC-2BCF-72C517888F91}.Debug|Any CPU.ActiveCfg = Debug|Any CPU
		{D1ABA045-0512-8DBC-2BCF-72C517888F91}.Debug|Any CPU.Build.0 = Debug|Any CPU
		{D1ABA045-0512-8DBC-2BCF-72C517888F91}.Release|Any CPU.ActiveCfg = Release|Any CPU
		{D1ABA045-0512-8DBC-2BCF-72C517888F91}.Release|Any CPU.Build.0 = Release|Any CPU
	EndGlobalSection
	GlobalSection(SolutionProperties) = preSolution
		HideSolutionNode = FALSE
	EndGlobalSection
	GlobalSection(NestedProjects) = preSolution
		{48985D07-C289-410D-8DBF-E38023C2D37F} = {02EA681E-C7D8-13C7-8484-4AC65E1B71E8}
		{D1ABA045-0512-8DBC-2BCF-72C517888F91} = {02EA681E-C7D8-13C7-8484-4AC65E1B71E8}
	EndGlobalSection
	GlobalSection(ExtensibilityGlobals) = postSolution
		SolutionGuid = {ADC79750-A7B9-4AB6-A55A-14AE9D2387CB}
	EndGlobalSection
EndGlobal
